lockfileVersion: '9.0'

settings:
  autoInstallPeers: true
  excludeLinksFromLockfile: false

overrides:
  cookie: '>=1.0.2'
  esbuild: '>=0.25.0'

importers:

  .:
    dependencies:
      '@algolia/autocomplete-core':
        specifier: 1.18.1
        version: 1.18.1(@algolia/client-search@5.20.3)(algoliasearch@5.20.3)(search-insights@2.17.3)
      '@docsearch/react':
        specifier: 3.9.0
        version: 3.9.0(@algolia/client-search@5.20.3)(@types/react@18.3.18)(react-dom@18.3.1(react@18.3.1))(react@18.3.1)(search-insights@2.17.3)
      '@docusaurus/core':
        specifier: 3.7.0
        version: 3.7.0(@mdx-js/react@3.1.0(@types/react@18.3.18)(react@18.3.1))(acorn@8.14.0)(react-dom@18.3.1(react@18.3.1))(react@18.3.1)(typescript@5.7.3)
      '@docusaurus/plugin-client-redirects':
        specifier: 3.7.0
        version: 3.7.0(@mdx-js/react@3.1.0(@types/react@18.3.18)(react@18.3.1))(acorn@8.14.0)(react-dom@18.3.1(react@18.3.1))(react@18.3.1)(typescript@5.7.3)
      '@docusaurus/plugin-google-analytics':
        specifier: 3.7.0
        version: 3.7.0(@mdx-js/react@3.1.0(@types/react@18.3.18)(react@18.3.1))(acorn@8.14.0)(react-dom@18.3.1(react@18.3.1))(react@18.3.1)(typescript@5.7.3)
      '@docusaurus/preset-classic':
        specifier: 3.7.0
        version: 3.7.0(@algolia/client-search@5.20.3)(@mdx-js/react@3.1.0(@types/react@18.3.18)(react@18.3.1))(@types/react@18.3.18)(acorn@8.14.0)(react-dom@18.3.1(react@18.3.1))(react@18.3.1)(search-insights@2.17.3)
      '@docusaurus/theme-common':
        specifier: 3.7.0
        version: 3.7.0(@docusaurus/plugin-content-docs@3.7.0(@mdx-js/react@3.1.0(@types/react@18.3.18)(react@18.3.1))(acorn@8.14.0)(react-dom@18.3.1(react@18.3.1))(react@18.3.1)(typescript@5.7.3))(typescript@5.7.3)
      '@docusaurus/theme-mermaid':
        specifier: 3.7.0
        version: 3.7.0(@docusaurus/plugin-content-docs@3.7.0(@mdx-js/react@3.1.0(@types/react@18.3.18)(react@18.3.1))(acorn@8.14.0)(react-dom@18.3.1(react@18.3.1))(react@18.3.1)(typescript@5.7.3))(typescript@5.7.3)
      '@docusaurus/theme-search-algolia':
        specifier: 3.7.0
        version: 3.7.0(@algolia/client-search@5.20.3)(@mdx-js/react@3.1.0(@types/react@18.3.18)(react@18.3.1))(@types/react@18.3.18)(acorn@8.14.0)(react-dom@18.3.1(react@18.3.1))(react@18.3.1)(search-insights@2.17.3)
      '@docusaurus/utils':
        specifier: 3.7.0
        version: 3.7.0(acorn@8.14.0)(react-dom@18.3.1(react@18.3.1))(react@18.3.1)
      '@loadable/component':
        specifier: 5.16.4
        version: 5.16.4(react@18.3.1)
      '@mdx-js/react':
        specifier: 3.1.0
        version: 3.1.0(@types/react@18.3.18)(react@18.3.1)
      '@ngrok/mantle':
        specifier: 0.21.1
        version: 0.21.1(@phosphor-icons/react@2.1.7(react-dom@18.3.1(react@18.3.1))(react@18.3.1))(@types/react-dom@18.3.5(@types/react@18.3.18))(@types/react@18.3.18)(date-fns@3.6.0)(postcss@8.5.3)
      '@phosphor-icons/react':
        specifier: 2.1.7
        version: 2.1.7(react-dom@18.3.1(react@18.3.1))(react@18.3.1)
      '@stackql/docusaurus-plugin-hubspot':
        specifier: 1.1.0
        version: 1.1.0
      algoliasearch:
        specifier: 5.20.3
        version: 5.20.3
      client:
        specifier: link:@docusaurus/plugin-content-docs/client
        version: link:@docusaurus/plugin-content-docs/client
      clsx:
        specifier: 2.1.1
        version: 2.1.1
      concurrently:
        specifier: 9.1.2
        version: 9.1.2
      cross-env:
        specifier: 7.0.3
        version: 7.0.3
      dotenv:
        specifier: 16.4.7
        version: 16.4.7
      internal:
        specifier: link:@docusaurus/theme-common/internal
        version: link:@docusaurus/theme-common/internal
      mermaid:
        specifier: 11.4.1
        version: 11.4.1
      prismjs:
        specifier: 1.29.0
        version: 1.29.0
      react:
        specifier: 18.3.1
        version: 18.3.1
      react-dom:
        specifier: 18.3.1
        version: 18.3.1(react@18.3.1)
      react-hubspot-form:
        specifier: 1.3.7
        version: 1.3.7(react@18.3.1)
      react-player:
        specifier: 2.16.0
        version: 2.16.0(react@18.3.1)
      redocusaurus:
        specifier: 2.2.1
        version: 2.2.1(@docusaurus/theme-common@3.7.0(@docusaurus/plugin-content-docs@3.7.0(@mdx-js/react@3.1.0(@types/react@18.3.18)(react@18.3.1))(acorn@8.14.0)(react-dom@18.3.1(react@18.3.1))(typescript@5.7.3))(typescript@5.7.3)
      yaml:
        specifier: 2.7.0
        version: 2.7.0
      zod:
        specifier: 3.24.2
        version: 3.24.2
    devDependencies:
      '@docusaurus/module-type-aliases':
        specifier: 3.7.0
        version: 3.7.0(acorn@8.14.0)(react-dom@18.3.1(react@18.3.1))(react@18.3.1)
      '@docusaurus/plugin-content-docs':
        specifier: 3.7.0
        version: 3.7.0(@mdx-js/react@3.1.0(@types/react@18.3.18)(react@18.3.1))(acorn@8.14.0)(react-dom@18.3.1(react@18.3.1))(react@18.3.1)(typescript@5.7.3)
      '@docusaurus/theme-classic':
        specifier: 3.7.0
        version: 3.7.0(@types/react@18.3.18)(acorn@8.14.0)(react-dom@18.3.1(react@18.3.1))(react@18.3.1)(typescript@5.7.3)
      '@docusaurus/tsconfig':
        specifier: 3.7.0
        version: 3.7.0
      '@docusaurus/types':
        specifier: 3.7.0
        version: 3.7.0(acorn@8.14.0)(react-dom@18.3.1(react@18.3.1))(react@18.3.1)
      '@ianvs/prettier-plugin-sort-imports':
        specifier: 4.4.1
        version: 4.4.1(prettier@3.5.1)
      '@types/loadable__component':
        specifier: 5.13.9
        version: 5.13.9
      '@types/node':
        specifier: 22.13.5
        version: 22.13.5
      '@types/react':
        specifier: 18.3.18
        version: 18.3.18
      '@types/react-dom':
        specifier: 18.3.5
        version: 18.3.5(@types/react@18.3.18)
      autoprefixer:
        specifier: 10.4.20
        version: 10.4.20(postcss@8.5.3)
      postcss:
        specifier: 8.5.3
        version: 8.5.3
      prettier:
        specifier: 3.5.1
        version: 3.5.1
      prettier-plugin-tailwindcss:
        specifier: 0.6.11
        version: 0.6.11(@ianvs/prettier-plugin-sort-imports@4.4.1(prettier@3.5.1))(prettier@3.5.1)
      tailwindcss:
        specifier: 3.4.17
        version: 3.4.17
      typescript:
        specifier: 5.7.3
        version: 5.7.3